<Solution>
  <Folder Name="/src/">
    <Project Path="src/TMS.API/TMS.API.csproj" />
    <Project Path="src/TMS.Application/TMS.Application.csproj" />
    <Project Path="src/TMS.Domain/TMS.Domain.csproj" />
    <Project Path="src/TMS.Infrastructure/TMS.Infrastructure.csproj" />
  </Folder>
  <Folder Name="/tests/">
    <Project Path="tests/TMS.Tests/TMS.Tests.csproj" />
  </Folder>
</Solution>
